// !$*UTF8*$!
{
	archiveVersion = 1;
	classes = {
	};
	objectVersion = 55;
	objects = {

/* Begin PBXBuildFile section */
		98B8D56028CF05110026CA0C /* AppDelegate.swift in Sources */ = {isa = PBXBuildFile; fileRef = 98B8D55F28CF05110026CA0C /* AppDelegate.swift */; };
		98B8D56228CF05110026CA0C /* SceneDelegate.swift in Sources */ = {isa = PBXBuildFile; fileRef = 98B8D56128CF05110026CA0C /* SceneDelegate.swift */; };
		98B8D56428CF05110026CA0C /* ViewController.swift in Sources */ = {isa = PBXBuildFile; fileRef = 98B8D56328CF05110026CA0C /* ViewController.swift */; };
		98B8D56728CF05110026CA0C /* Main.storyboard in Resources */ = {isa = PBXBuildFile; fileRef = 98B8D56528CF05110026CA0C /* Main.storyboard */; };
		98B8D56928CF05130026CA0C /* Assets.xcassets in Resources */ = {isa = PBXBuildFile; fileRef = 98B8D56828CF05130026CA0C /* Assets.xcassets */; };
		98B8D56C28CF05130026CA0C /* LaunchScreen.storyboard in Resources */ = {isa = PBXBuildFile; fileRef = 98B8D56A28CF05130026CA0C /* LaunchScreen.storyboard */; };
		98B8D57428CF05620026CA0C /* SearchViewController.swift in Sources */ = {isa = PBXBuildFile; fileRef = 98B8D57328CF05620026CA0C /* SearchViewController.swift */; };
		98B8D57728CF06D60026CA0C /* ListTableViewCell.swift in Sources */ = {isa = PBXBuildFile; fileRef = 98B8D57528CF06D60026CA0C /* ListTableViewCell.swift */; };
		98B8D57828CF06D60026CA0C /* ListTableViewCell.xib in Resources */ = {isa = PBXBuildFile; fileRef = 98B8D57628CF06D60026CA0C /* ListTableViewCell.xib */; };
		98B8D57B28CF33650026CA0C /* ViewPresentableProtocol.swift in Sources */ = {isa = PBXBuildFile; fileRef = 98B8D57A28CF33650026CA0C /* ViewPresentableProtocol.swift */; };
		98B8D57D28CF41E60026CA0C /* LottoViewController.swift in Sources */ = {isa = PBXBuildFile; fileRef = 98B8D57C28CF41E60026CA0C /* LottoViewController.swift */; };
		98B8D57F28CF4DA10026CA0C /* TranslateViewController.swift in Sources */ = {isa = PBXBuildFile; fileRef = 98B8D57E28CF4DA10026CA0C /* TranslateViewController.swift */; };
		98B8D58128CF582D0026CA0C /* WebViewController.swift in Sources */ = {isa = PBXBuildFile; fileRef = 98B8D58028CF582D0026CA0C /* WebViewController.swift */; };
		98B8D58728D0132F0026CA0C /* LocationViewController.swift in Sources */ = {isa = PBXBuildFile; fileRef = 98B8D58628D0132F0026CA0C /* LocationViewController.swift */; };
		98B8D58D28D04E1D0026CA0C /* KOTRA LEAP.otf in Resources */ = {isa = PBXBuildFile; fileRef = 98B8D58C28D04E1A0026CA0C /* KOTRA LEAP.otf */; };
/* End PBXBuildFile section */

/* Begin PBXFileReference section */
		98B8D55C28CF05110026CA0C /* NetworkBasic_Assignment.app */ = {isa = PBXFileReference; explicitFileType = wrapper.application; includeInIndex = 0; path = NetworkBasic_Assignment.app; sourceTree = BUILT_PRODUCTS_DIR; };
		98B8D55F28CF05110026CA0C /* AppDelegate.swift */ = {isa = PBXFileReference; lastKnownFileType = sourcecode.swift; path = AppDelegate.swift; sourceTree = "<group>"; };
		98B8D56128CF05110026CA0C /* SceneDelegate.swift */ = {isa = PBXFileReference; lastKnownFileType = sourcecode.swift; path = SceneDelegate.swift; sourceTree = "<group>"; };
		98B8D56328CF05110026CA0C /* ViewController.swift */ = {isa = PBXFileReference; lastKnownFileType = sourcecode.swift; path = ViewController.swift; sourceTree = "<group>"; };
		98B8D56628CF05110026CA0C /* Base */ = {isa = PBXFileReference; lastKnownFileType = file.storyboard; name = Base; path = Base.lproj/Main.storyboard; sourceTree = "<group>"; };
		98B8D56828CF05130026CA0C /* Assets.xcassets */ = {isa = PBXFileReference; lastKnownFileType = folder.assetcatalog; path = Assets.xcassets; sourceTree = "<group>"; };
		98B8D56B28CF05130026CA0C /* Base */ = {isa = PBXFileReference; lastKnownFileType = file.storyboard; name = Base; path = Base.lproj/LaunchScreen.storyboard; sourceTree = "<group>"; };
		98B8D56D28CF05130026CA0C /* Info.plist */ = {isa = PBXFileReference; lastKnownFileType = text.plist.xml; path = Info.plist; sourceTree = "<group>"; };
		98B8D57328CF05620026CA0C /* SearchViewController.swift */ = {isa = PBXFileReference; lastKnownFileType = sourcecode.swift; path = SearchViewController.swift; sourceTree = "<group>"; };
		98B8D57528CF06D60026CA0C /* ListTableViewCell.swift */ = {isa = PBXFileReference; lastKnownFileType = sourcecode.swift; path = ListTableViewCell.swift; sourceTree = "<group>"; };
		98B8D57628CF06D60026CA0C /* ListTableViewCell.xib */ = {isa = PBXFileReference; lastKnownFileType = file.xib; path = ListTableViewCell.xib; sourceTree = "<group>"; };
		98B8D57A28CF33650026CA0C /* ViewPresentableProtocol.swift */ = {isa = PBXFileReference; lastKnownFileType = sourcecode.swift; path = ViewPresentableProtocol.swift; sourceTree = "<group>"; };
		98B8D57C28CF41E60026CA0C /* LottoViewController.swift */ = {isa = PBXFileReference; lastKnownFileType = sourcecode.swift; path = LottoViewController.swift; sourceTree = "<group>"; };
		98B8D57E28CF4DA10026CA0C /* TranslateViewController.swift */ = {isa = PBXFileReference; lastKnownFileType = sourcecode.swift; path = TranslateViewController.swift; sourceTree = "<group>"; };
		98B8D58028CF582D0026CA0C /* WebViewController.swift */ = {isa = PBXFileReference; lastKnownFileType = sourcecode.swift; path = WebViewController.swift; sourceTree = "<group>"; };
		98B8D58628D0132F0026CA0C /* LocationViewController.swift */ = {isa = PBXFileReference; lastKnownFileType = sourcecode.swift; path = LocationViewController.swift; sourceTree = "<group>"; };
		98B8D58C28D04E1A0026CA0C /* KOTRA LEAP.otf */ = {isa = PBXFileReference; lastKnownFileType = file; path = "KOTRA LEAP.otf"; sourceTree = "<group>"; };
/* End PBXFileReference section */

/* Begin PBXFrameworksBuildPhase section */
		98B8D55928CF05110026CA0C /* Frameworks */ = {
			isa = PBXFrameworksBuildPhase;
			buildActionMask = 2147483647;
			files = (
			);
			runOnlyForDeploymentPostprocessing = 0;
		};
/* End PBXFrameworksBuildPhase section */

/* Begin PBXGroup section */
		98B8D55328CF05110026CA0C = {
			isa = PBXGroup;
			children = (
				98B8D55E28CF05110026CA0C /* NetworkBasic_Assignment */,
				98B8D55D28CF05110026CA0C /* Products */,
			);
			sourceTree = "<group>";
		};
		98B8D55D28CF05110026CA0C /* Products */ = {
			isa = PBXGroup;
			children = (
				98B8D55C28CF05110026CA0C /* NetworkBasic_Assignment.app */,
			);
			name = Products;
			sourceTree = "<group>";
		};
		98B8D55E28CF05110026CA0C /* NetworkBasic_Assignment */ = {
			isa = PBXGroup;
			children = (
				98B8D58928D04C450026CA0C /* Resource */,
				98B8D57928CF334D0026CA0C /* Protocol */,
				98B8D55F28CF05110026CA0C /* AppDelegate.swift */,
				98B8D56128CF05110026CA0C /* SceneDelegate.swift */,
				98B8D56328CF05110026CA0C /* ViewController.swift */,
				98B8D56528CF05110026CA0C /* Main.storyboard */,
				98B8D58828D0169A0026CA0C /* Notification */,
				98B8D58228CF5BA60026CA0C /* Lotto */,
				98B8D58328CF5BBC0026CA0C /* Translating */,
				98B8D58428CF5BF10026CA0C /* WebBrowser */,
				98B8D58528CF5C410026CA0C /* Search */,
				98B8D56828CF05130026CA0C /* Assets.xcassets */,
				98B8D56A28CF05130026CA0C /* LaunchScreen.storyboard */,
				98B8D56D28CF05130026CA0C /* Info.plist */,
			);
			path = NetworkBasic_Assignment;
			sourceTree = "<group>";
		};
		98B8D57928CF334D0026CA0C /* Protocol */ = {
			isa = PBXGroup;
			children = (
				98B8D57A28CF33650026CA0C /* ViewPresentableProtocol.swift */,
			);
			path = Protocol;
			sourceTree = "<group>";
		};
		98B8D58228CF5BA60026CA0C /* Lotto */ = {
			isa = PBXGroup;
			children = (
				98B8D57C28CF41E60026CA0C /* LottoViewController.swift */,
			);
			path = Lotto;
			sourceTree = "<group>";
		};
		98B8D58328CF5BBC0026CA0C /* Translating */ = {
			isa = PBXGroup;
			children = (
				98B8D57E28CF4DA10026CA0C /* TranslateViewController.swift */,
			);
			path = Translating;
			sourceTree = "<group>";
		};
		98B8D58428CF5BF10026CA0C /* WebBrowser */ = {
			isa = PBXGroup;
			children = (
				98B8D58028CF582D0026CA0C /* WebViewController.swift */,
			);
			path = WebBrowser;
			sourceTree = "<group>";
		};
		98B8D58528CF5C410026CA0C /* Search */ = {
			isa = PBXGroup;
			children = (
				98B8D57328CF05620026CA0C /* SearchViewController.swift */,
				98B8D57528CF06D60026CA0C /* ListTableViewCell.swift */,
				98B8D57628CF06D60026CA0C /* ListTableViewCell.xib */,
			);
			path = Search;
			sourceTree = "<group>";
		};
		98B8D58828D0169A0026CA0C /* Notification */ = {
			isa = PBXGroup;
			children = (
				98B8D58628D0132F0026CA0C /* LocationViewController.swift */,
			);
			path = Notification;
			sourceTree = "<group>";
		};
		98B8D58928D04C450026CA0C /* Resource */ = {
			isa = PBXGroup;
			children = (
				98B8D58C28D04E1A0026CA0C /* KOTRA LEAP.otf */,
			);
			path = Resource;
			sourceTree = "<group>";
		};
/* End PBXGroup section */

/* Begin PBXNativeTarget section */
		98B8D55B28CF05110026CA0C /* NetworkBasic_Assignment */ = {
			isa = PBXNativeTarget;
			buildConfigurationList = 98B8D57028CF05130026CA0C /* Build configuration list for PBXNativeTarget "NetworkBasic_Assignment" */;
			buildPhases = (
				98B8D55828CF05110026CA0C /* Sources */,
				98B8D55928CF05110026CA0C /* Frameworks */,
				98B8D55A28CF05110026CA0C /* Resources */,
			);
			buildRules = (
			);
			dependencies = (
			);
			name = NetworkBasic_Assignment;
			productName = NetworkBasic_Assignment;
			productReference = 98B8D55C28CF05110026CA0C /* NetworkBasic_Assignment.app */;
			productType = "com.apple.product-type.application";
		};
/* End PBXNativeTarget section */

/* Begin PBXProject section */
		98B8D55428CF05110026CA0C /* Project object */ = {
			isa = PBXProject;
			attributes = {
				BuildIndependentTargetsInParallel = 1;
				LastSwiftUpdateCheck = 1340;
				LastUpgradeCheck = 1340;
				TargetAttributes = {
					98B8D55B28CF05110026CA0C = {
						CreatedOnToolsVersion = 13.4.1;
					};
				};
			};
			buildConfigurationList = 98B8D55728CF05110026CA0C /* Build configuration list for PBXProject "NetworkBasic_Assignment" */;
			compatibilityVersion = "Xcode 13.0";
			developmentRegion = en;
			hasScannedForEncodings = 0;
			knownRegions = (
				en,
				Base,
			);
			mainGroup = 98B8D55328CF05110026CA0C;
			productRefGroup = 98B8D55D28CF05110026CA0C /* Products */;
			projectDirPath = "";
			projectRoot = "";
			targets = (
				98B8D55B28CF05110026CA0C /* NetworkBasic_Assignment */,
			);
		};
/* End PBXProject section */

/* Begin PBXResourcesBuildPhase section */
		98B8D55A28CF05110026CA0C /* Resources */ = {
			isa = PBXResourcesBuildPhase;
			buildActionMask = 2147483647;
			files = (
				98B8D58D28D04E1D0026CA0C /* KOTRA LEAP.otf in Resources */,
				98B8D56C28CF05130026CA0C /* LaunchScreen.storyboard in Resources */,
				98B8D57828CF06D60026CA0C /* ListTableViewCell.xib in Resources */,
				98B8D56928CF05130026CA0C /* Assets.xcassets in Resources */,
				98B8D56728CF05110026CA0C /* Main.storyboard in Resources */,
			);
			runOnlyForDeploymentPostprocessing = 0;
		};
/* End PBXResourcesBuildPhase section */

/* Begin PBXSourcesBuildPhase section */
		98B8D55828CF05110026CA0C /* Sources */ = {
			isa = PBXSourcesBuildPhase;
			buildActionMask = 2147483647;
			files = (
				98B8D56428CF05110026CA0C /* ViewController.swift in Sources */,
				98B8D58128CF582D0026CA0C /* WebViewController.swift in Sources */,
				98B8D56028CF05110026CA0C /* AppDelegate.swift in Sources */,
				98B8D57428CF05620026CA0C /* SearchViewController.swift in Sources */,
				98B8D57D28CF41E60026CA0C /* LottoViewController.swift in Sources */,
				98B8D58728D0132F0026CA0C /* LocationViewController.swift in Sources */,
				98B8D56228CF05110026CA0C /* SceneDelegate.swift in Sources */,
				98B8D57F28CF4DA10026CA0C /* TranslateViewController.swift in Sources */,
				98B8D57B28CF33650026CA0C /* ViewPresentableProtocol.swift in Sources */,
				98B8D57728CF06D60026CA0C /* ListTableViewCell.swift in Sources */,
			);
			runOnlyForDeploymentPostprocessing = 0;
		};
/* End PBXSourcesBuildPhase section */

/* Begin PBXVariantGroup section */
		98B8D56528CF05110026CA0C /* Main.storyboard */ = {
			isa = PBXVariantGroup;
			children = (
				98B8D56628CF05110026CA0C /* Base */,
			);
			name = Main.storyboard;
			sourceTree = "<group>";
		};
		98B8D56A28CF05130026CA0C /* LaunchScreen.storyboard */ = {
			isa = PBXVariantGroup;
			children = (
				98B8D56B28CF05130026CA0C /* Base */,
			);
			name = LaunchScreen.storyboard;
			sourceTree = "<group>";
		};
/* End PBXVariantGroup section */

/* Begin XCBuildConfiguration section */
		98B8D56E28CF05130026CA0C /* Debug */ = {
			isa = XCBuildConfiguration;
			buildSettings = {
				ALWAYS_SEARCH_USER_PATHS = NO;
				CLANG_ANALYZER_NONNULL = YES;
				CLANG_ANALYZER_NUMBER_OBJECT_CONVERSION = YES_AGGRESSIVE;
				CLANG_CXX_LANGUAGE_STANDARD = "gnu++17";
				CLANG_ENABLE_MODULES = YES;
				CLANG_ENABLE_OBJC_ARC = YES;
				CLANG_ENABLE_OBJC_WEAK = YES;
				CLANG_WARN_BLOCK_CAPTURE_AUTORELEASING = YES;
				CLANG_WARN_BOOL_CONVERSION = YES;
				CLANG_WARN_COMMA = YES;
				CLANG_WARN_CONSTANT_CONVERSION = YES;
				CLANG_WARN_DEPRECATED_OBJC_IMPLEMENTATIONS = YES;
				CLANG_WARN_DIRECT_OBJC_ISA_USAGE = YES_ERROR;
				CLANG_WARN_DOCUMENTATION_COMMENTS = YES;
				CLANG_WARN_EMPTY_BODY = YES;
				CLANG_WARN_ENUM_CONVERSION = YES;
				CLANG_WARN_INFINITE_RECURSION = YES;
				CLANG_WARN_INT_CONVERSION = YES;
				CLANG_WARN_NON_LITERAL_NULL_CONVERSION = YES;
				CLANG_WARN_OBJC_IMPLICIT_RETAIN_SELF = YES;
				CLANG_WARN_OBJC_LITERAL_CONVERSION = YES;
				CLANG_WARN_OBJC_ROOT_CLASS = YES_ERROR;
				CLANG_WARN_QUOTED_INCLUDE_IN_FRAMEWORK_HEADER = YES;
				CLANG_WARN_RANGE_LOOP_ANALYSIS = YES;
				CLANG_WARN_STRICT_PROTOTYPES = YES;
				CLANG_WARN_SUSPICIOUS_MOVE = YES;
				CLANG_WARN_UNGUARDED_AVAILABILITY = YES_AGGRESSIVE;
				CLANG_WARN_UNREACHABLE_CODE = YES;
				CLANG_WARN__DUPLICATE_METHOD_MATCH = YES;
				COPY_PHASE_STRIP = NO;
				DEBUG_INFORMATION_FORMAT = dwarf;
				ENABLE_STRICT_OBJC_MSGSEND = YES;
				ENABLE_TESTABILITY = YES;
				GCC_C_LANGUAGE_STANDARD = gnu11;
				GCC_DYNAMIC_NO_PIC = NO;
				GCC_NO_COMMON_BLOCKS = YES;
				GCC_OPTIMIZATION_LEVEL = 0;
				GCC_PREPROCESSOR_DEFINITIONS = (
					"DEBUG=1",
					"$(inherited)",
				);
				GCC_WARN_64_TO_32_BIT_CONVERSION = YES;
				GCC_WARN_ABOUT_RETURN_TYPE = YES_ERROR;
				GCC_WARN_UNDECLARED_SELECTOR = YES;
				GCC_WARN_UNINITIALIZED_AUTOS = YES_AGGRESSIVE;
				GCC_WARN_UNUSED_FUNCTION = YES;
				GCC_WARN_UNUSED_VARIABLE = YES;
				IPHONEOS_DEPLOYMENT_TARGET = 15.5;
				MTL_ENABLE_DEBUG_INFO = INCLUDE_SOURCE;
				MTL_FAST_MATH = YES;
				ONLY_ACTIVE_ARCH = YES;
				SDKROOT = iphoneos;
				SWIFT_ACTIVE_COMPILATION_CONDITIONS = DEBUG;
				SWIFT_OPTIMIZATION_LEVEL = "-Onone";
			};
			name = Debug;
		};
		98B8D56F28CF05130026CA0C /* Release */ = {
			isa = XCBuildConfiguration;
			buildSettings = {
				ALWAYS_SEARCH_USER_PATHS = NO;
				CLANG_ANALYZER_NONNULL = YES;
				CLANG_ANALYZER_NUMBER_OBJECT_CONVERSION = YES_AGGRESSIVE;
				CLANG_CXX_LANGUAGE_STANDARD = "gnu++17";
				CLANG_ENABLE_MODULES = YES;
				CLANG_ENABLE_OBJC_ARC = YES;
				CLANG_ENABLE_OBJC_WEAK = YES;
				CLANG_WARN_BLOCK_CAPTURE_AUTORELEASING = YES;
				CLANG_WARN_BOOL_CONVERSION = YES;
				CLANG_WARN_COMMA = YES;
				CLANG_WARN_CONSTANT_CONVERSION = YES;
				CLANG_WARN_DEPRECATED_OBJC_IMPLEMENTATIONS = YES;
				CLANG_WARN_DIRECT_OBJC_ISA_USAGE = YES_ERROR;
				CLANG_WARN_DOCUMENTATION_COMMENTS = YES;
				CLANG_WARN_EMPTY_BODY = YES;
				CLANG_WARN_ENUM_CONVERSION = YES;
				CLANG_WARN_INFINITE_RECURSION = YES;
				CLANG_WARN_INT_CONVERSION = YES;
				CLANG_WARN_NON_LITERAL_NULL_CONVERSION = YES;
				CLANG_WARN_OBJC_IMPLICIT_RETAIN_SELF = YES;
				CLANG_WARN_OBJC_LITERAL_CONVERSION = YES;
				CLANG_WARN_OBJC_ROOT_CLASS = YES_ERROR;
				CLANG_WARN_QUOTED_INCLUDE_IN_FRAMEWORK_HEADER = YES;
				CLANG_WARN_RANGE_LOOP_ANALYSIS = YES;
				CLANG_WARN_STRICT_PROTOTYPES = YES;
				CLANG_WARN_SUSPICIOUS_MOVE = YES;
				CLANG_WARN_UNGUARDED_AVAILABILITY = YES_AGGRESSIVE;
				CLANG_WARN_UNREACHABLE_CODE = YES;
				CLANG_WARN__DUPLICATE_METHOD_MATCH = YES;
				COPY_PHASE_STRIP = NO;
				DEBUG_INFORMATION_FORMAT = "dwarf-with-dsym";
				ENABLE_NS_ASSERTIONS = NO;
				ENABLE_STRICT_OBJC_MSGSEND = YES;
				GCC_C_LANGUAGE_STANDARD = gnu11;
				GCC_NO_COMMON_BLOCKS = YES;
				GCC_WARN_64_TO_32_BIT_CONVERSION = YES;
				GCC_WARN_ABOUT_RETURN_TYPE = YES_ERROR;
				GCC_WARN_UNDECLARED_SELECTOR = YES;
				GCC_WARN_UNINITIALIZED_AUTOS = YES_AGGRESSIVE;
				GCC_WARN_UNUSED_FUNCTION = YES;
				GCC_WARN_UNUSED_VARIABLE = YES;
				IPHONEOS_DEPLOYMENT_TARGET = 15.5;
				MTL_ENABLE_DEBUG_INFO = NO;
				MTL_FAST_MATH = YES;
				SDKROOT = iphoneos;
				SWIFT_COMPILATION_MODE = wholemodule;
				SWIFT_OPTIMIZATION_LEVEL = "-O";
				VALIDATE_PRODUCT = YES;
			};
			name = Release;
		};
		98B8D57128CF05130026CA0C /* Debug */ = {
			isa = XCBuildConfiguration;
			buildSettings = {
				ASSETCATALOG_COMPILER_APPICON_NAME = AppIcon;
				ASSETCATALOG_COMPILER_GLOBAL_ACCENT_COLOR_NAME = AccentColor;
				CODE_SIGN_STYLE = Automatic;
				CURRENT_PROJECT_VERSION = 1;
				GENERATE_INFOPLIST_FILE = YES;
				INFOPLIST_FILE = NetworkBasic_Assignment/Info.plist;
				INFOPLIST_KEY_UIApplicationSupportsIndirectInputEvents = YES;
				INFOPLIST_KEY_UILaunchStoryboardName = LaunchScreen;
				INFOPLIST_KEY_UIMainStoryboardFile = Main;
				INFOPLIST_KEY_UISupportedInterfaceOrientations_iPad = "UIInterfaceOrientationPortrait UIInterfaceOrientationPortraitUpsideDown UIInterfaceOrientationLandscapeLeft UIInterfaceOrientationLandscapeRight";
				INFOPLIST_KEY_UISupportedInterfaceOrientations_iPhone = "UIInterfaceOrientationPortrait UIInterfaceOrientationLandscapeLeft UIInterfaceOrientationLandscapeRight";
				LD_RUNPATH_SEARCH_PATHS = (
					"$(inherited)",
					"@executable_path/Frameworks",
				);
				MARKETING_VERSION = 1.0;
				PRODUCT_BUNDLE_IDENTIFIER = "com.taehwan.NetworkBasic-Assignment";
				PRODUCT_NAME = "$(TARGET_NAME)";
				SWIFT_EMIT_LOC_STRINGS = YES;
				SWIFT_VERSION = 5.0;
				TARGETED_DEVICE_FAMILY = "1,2";
			};
			name = Debug;
		};
		98B8D57228CF05130026CA0C /* Release */ = {
			isa = XCBuildConfiguration;
			buildSettings = {
				ASSETCATALOG_COMPILER_APPICON_NAME = AppIcon;
				ASSETCATALOG_COMPILER_GLOBAL_ACCENT_COLOR_NAME = AccentColor;
				CODE_SIGN_STYLE = Automatic;
				CURRENT_PROJECT_VERSION = 1;
				GENERATE_INFOPLIST_FILE = YES;
				INFOPLIST_FILE = NetworkBasic_Assignment/Info.plist;
				INFOPLIST_KEY_UIApplicationSupportsIndirectInputEvents = YES;
				INFOPLIST_KEY_UILaunchStoryboardName = LaunchScreen;
				INFOPLIST_KEY_UIMainStoryboardFile = Main;
				INFOPLIST_KEY_UISupportedInterfaceOrientations_iPad = "UIInterfaceOrientationPortrait UIInterfaceOrientationPortraitUpsideDown UIInterfaceOrientationLandscapeLeft UIInterfaceOrientationLandscapeRight";
				INFOPLIST_KEY_UISupportedInterfaceOrientations_iPhone = "UIInterfaceOrientationPortrait UIInterfaceOrientationLandscapeLeft UIInterfaceOrientationLandscapeRight";
				LD_RUNPATH_SEARCH_PATHS = (
					"$(inherited)",
					"@executable_path/Frameworks",
				);
				MARKETING_VERSION = 1.0;
				PRODUCT_BUNDLE_IDENTIFIER = "com.taehwan.NetworkBasic-Assignment";
				PRODUCT_NAME = "$(TARGET_NAME)";
				SWIFT_EMIT_LOC_STRINGS = YES;
				SWIFT_VERSION = 5.0;
				TARGETED_DEVICE_FAMILY = "1,2";
			};
			name = Release;
		};
/* End XCBuildConfiguration section */

/* Begin XCConfigurationList section */
		98B8D55728CF05110026CA0C /* Build configuration list for PBXProject "NetworkBasic_Assignment" */ = {
			isa = XCConfigurationList;
			buildConfigurations = (
				98B8D56E28CF05130026CA0C /* Debug */,
				98B8D56F28CF05130026CA0C /* Release */,
			);
			defaultConfigurationIsVisible = 0;
			defaultConfigurationName = Release;
		};
		98B8D57028CF05130026CA0C /* Build configuration list for PBXNativeTarget "NetworkBasic_Assignment" */ = {
			isa = XCConfigurationList;
			buildConfigurations = (
				98B8D57128CF05130026CA0C /* Debug */,
				98B8D57228CF05130026CA0C /* Release */,
			);
			defaultConfigurationIsVisible = 0;
			defaultConfigurationName = Release;
		};
/* End XCConfigurationList section */
	};
	rootObject = 98B8D55428CF05110026CA0C /* Project object */;
}
